// !$*UTF8*$!
{
	archiveVersion = 1;
	classes = {
	};
	objectVersion = 46;
	objects = {

/* Begin PBXBuildFile section */
		3FD1B5AC1A44ED6A0013FE6A /* main.cpp in Sources */ = {isa = PBXBuildFile; fileRef = 3FD1B5AB1A44ED6A0013FE6A /* main.cpp */; };
/* End PBXBuildFile section */

/* Begin PBXCopyFilesBuildPhase section */
		3FD1B5A61A44ED6A0013FE6A /* CopyFiles */ = {
			isa = PBXCopyFilesBuildPhase;
			buildActionMask = 2147483647;
			dstPath = /usr/share/man/man1/;
			dstSubfolderSpec = 0;
			files = (
			);
			runOnlyForDeploymentPostprocessing = 1;
		};
/* End PBXCopyFilesBuildPhase section */

/* Begin PBXFileReference section */
		3FD1B5A81A44ED6A0013FE6A /* Rubber_Bullets */ = {isa = PBXFileReference; explicitFileType = "compiled.mach-o.executable"; includeInIndex = 0; path = Rubber_Bullets; sourceTree = BUILT_PRODUCTS_DIR; };
		3FD1B5AB1A44ED6A0013FE6A /* main.cpp */ = {isa = PBXFileReference; lastKnownFileType = sourcecode.cpp.cpp; path = main.cpp; sourceTree = "<group>"; };
/* End PBXFileReference section */

/* Begin PBXFrameworksBuildPhase section */
		3FD1B5A51A44ED6A0013FE6A /* Frameworks */ = {
			isa = PBXFrameworksBuildPhase;
			buildActionMask = 2147483647;
			files = (
			);
			runOnlyForDeploymentPostprocessing = 0;
		};
/* End PBXFrameworksBuildPhase section */

/* Begin PBXGroup section */
		3FD1B59F1A44ED6A0013FE6A = {
			isa = PBXGroup;
			children = (
				3FD1B5AA1A44ED6A0013FE6A /* Rubber_Bullets */,
				3FD1B5A91A44ED6A0013FE6A /* Products */,
			);
			sourceTree = "<group>";
		};
		3FD1B5A91A44ED6A0013FE6A /* Products */ = {
			isa = PBXGroup;
			children = (
				3FD1B5A81A44ED6A0013FE6A /* Rubber_Bullets */,
			);
			name = Products;
			sourceTree = "<group>";
		};
		3FD1B5AA1A44ED6A0013FE6A /* Rubber_Bullets */ = {
			isa = PBXGroup;
			children = (
				3FD1B5AB1A44ED6A0013FE6A /* main.cpp */,
			);
			path = Rubber_Bullets;
			sourceTree = "<group>";
		};
/* End PBXGroup section */

/* Begin PBXNativeTarget section */
		3FD1B5A71A44ED6A0013FE6A /* Rubber_Bullets */ = {
			isa = PBXNativeTarget;
			buildConfigurationList = 3FD1B5AF1A44ED6A0013FE6A /* Build configuration list for PBXNativeTarget "Rubber_Bullets" */;
			buildPhases = (
				3FD1B5A41A44ED6A0013FE6A /* Sources */,
				3FD1B5A51A44ED6A0013FE6A /* Frameworks */,
				3FD1B5A61A44ED6A0013FE6A /* CopyFiles */,
			);
			buildRules = (
			);
			dependencies = (
			);
			name = Rubber_Bullets;
			productName = Rubber_Bullets;
			productReference = 3FD1B5A81A44ED6A0013FE6A /* Rubber_Bullets */;
			productType = "com.apple.product-type.tool";
		};
/* End PBXNativeTarget section */

/* Begin PBXProject section */
		3FD1B5A01A44ED6A0013FE6A /* Project object */ = {
			isa = PBXProject;
			attributes = {
				LastUpgradeCheck = 0610;
				ORGANIZATIONNAME = "kumin In";
				TargetAttributes = {
					3FD1B5A71A44ED6A0013FE6A = {
						CreatedOnToolsVersion = 6.1.1;
					};
				};
			};
			buildConfigurationList = 3FD1B5A31A44ED6A0013FE6A /* Build configuration list for PBXProject "Rubber_Bullets" */;
			compatibilityVersion = "Xcode 3.2";
			developmentRegion = English;
			hasScannedForEncodings = 0;
			knownRegions = (
				en,
			);
			mainGroup = 3FD1B59F1A44ED6A0013FE6A;
			productRefGroup = 3FD1B5A91A44ED6A0013FE6A /* Products */;
			projectDirPath = "";
			projectRoot = "";
			targets = (
				3FD1B5A71A44ED6A0013FE6A /* Rubber_Bullets */,
			);
		};
/* End PBXProject section */

/* Begin PBXSourcesBuildPhase section */
		3FD1B5A41A44ED6A0013FE6A /* Sources */ = {
			isa = PBXSourcesBuildPhase;
			buildActionMask = 2147483647;
			files = (
				3FD1B5AC1A44ED6A0013FE6A /* main.cpp in Sources */,
			);
			runOnlyForDeploymentPostprocessing = 0;
		};
/* End PBXSourcesBuildPhase section */

/* Begin XCBuildConfiguration section */
		3FD1B5AD1A44ED6A0013FE6A /* Debug */ = {
			isa = XCBuildConfiguration;
			buildSettings = {
				ALWAYS_SEARCH_USER_PATHS = NO;
				CLANG_CXX_LANGUAGE_STANDARD = "gnu++0x";
				CLANG_CXX_LIBRARY = "libc++";
				CLANG_ENABLE_MODULES = YES;
				CLANG_ENABLE_OBJC_ARC = YES;
				CLANG_WARN_BOOL_CONVERSION = YES;
				CLANG_WARN_CONSTANT_CONVERSION = YES;
				CLANG_WARN_DIRECT_OBJC_ISA_USAGE = YES_ERROR;
				CLANG_WARN_EMPTY_BODY = YES;
				CLANG_WARN_ENUM_CONVERSION = YES;
				CLANG_WARN_INT_CONVERSION = YES;
				CLANG_WARN_OBJC_ROOT_CLASS = YES_ERROR;
				CLANG_WARN_UNREACHABLE_CODE = YES;
				CLANG_WARN__DUPLICATE_METHOD_MATCH = YES;
				COPY_PHASE_STRIP = NO;
				ENABLE_STRICT_OBJC_MSGSEND = YES;
				GCC_C_LANGUAGE_STANDARD = gnu99;
				GCC_DYNAMIC_NO_PIC = NO;
				GCC_OPTIMIZATION_LEVEL = 0;
				GCC_PREPROCESSOR_DEFINITIONS = (
					"DEBUG=1",
					"$(inherited)",
				);
				GCC_SYMBOLS_PRIVATE_EXTERN = NO;
				GCC_WARN_64_TO_32_BIT_CONVERSION = YES;
				GCC_WARN_ABOUT_RETURN_TYPE = YES_ERROR;
				GCC_WARN_UNDECLARED_SELECTOR = YES;
				GCC_WARN_UNINITIALIZED_AUTOS = YES_AGGRESSIVE;
				GCC_WARN_UNUSED_FUNCTION = YES;
				GCC_WARN_UNUSED_VARIABLE = YES;
				MACOSX_DEPLOYMENT_TARGET = 10.10;
				MTL_ENABLE_DEBUG_INFO = YES;
				ONLY_ACTIVE_ARCH = YES;
				SDKROOT = macosx;
			};
			name = Debug;
		};
		3FD1B5AE1A44ED6A0013FE6A /* Release */ = {
			isa = XCBuildConfiguration;
			buildSettings = {
				ALWAYS_SEARCH_USER_PATHS = NO;
				CLANG_CXX_LANGUAGE_STANDARD = "gnu++0x";
				CLANG_CXX_LIBRARY = "libc++";
				CLANG_ENABLE_MODULES = YES;
				CLANG_ENABLE_OBJC_ARC = YES;
				CLANG_WARN_BOOL_CONVERSION = YES;
				CLANG_WARN_CONSTANT_CONVERSION = YES;
				CLANG_WARN_DIRECT_OBJC_ISA_USAGE = YES_ERROR;
				CLANG_WARN_EMPTY_BODY = YES;
				CLANG_WARN_ENUM_CONVERSION = YES;
				CLANG_WARN_INT_CONVERSION = YES;
				CLANG_WARN_OBJC_ROOT_CLASS = YES_ERROR;
				CLANG_WARN_UNREACHABLE_CODE = YES;
				CLANG_WARN__DUPLICATE_METHOD_MATCH = YES;
				COPY_PHASE_STRIP = YES;
				DEBUG_INFORMATION_FORMAT = "dwarf-with-dsym";
				ENABLE_NS_ASSERTIONS = NO;
				ENABLE_STRICT_OBJC_MSGSEND = YES;
				GCC_C_LANGUAGE_STANDARD = gnu99;
				GCC_WARN_64_TO_32_BIT_CONVERSION = YES;
				GCC_WARN_ABOUT_RETURN_TYPE = YES_ERROR;
				GCC_WARN_UNDECLARED_SELECTOR = YES;
				GCC_WARN_UNINITIALIZED_AUTOS = YES_AGGRESSIVE;
				GCC_WARN_UNUSED_FUNCTION = YES;
				GCC_WARN_UNUSED_VARIABLE = YES;
				MACOSX_DEPLOYMENT_TARGET = 10.10;
				MTL_ENABLE_DEBUG_INFO = NO;
				SDKROOT = macosx;
			};
			name = Release;
		};
		3FD1B5B01A44ED6A0013FE6A /* Debug */ = {
			isa = XCBuildConfiguration;
			buildSettings = {
				PRODUCT_NAME = "$(TARGET_NAME)";
			};
			name = Debug;
		};
		3FD1B5B11A44ED6A0013FE6A /* Release */ = {
			isa = XCBuildConfiguration;
			buildSettings = {
				PRODUCT_NAME = "$(TARGET_NAME)";
			};
			name = Release;
		};
/* End XCBuildConfiguration section */

/* Begin XCConfigurationList section */
		3FD1B5A31A44ED6A0013FE6A /* Build configuration list for PBXProject "Rubber_Bullets" */ = {
			isa = XCConfigurationList;
			buildConfigurations = (
				3FD1B5AD1A44ED6A0013FE6A /* Debug */,
				3FD1B5AE1A44ED6A0013FE6A /* Release */,
			);
			defaultConfigurationIsVisible = 0;
			defaultConfigurationName = Release;
		};
		3FD1B5AF1A44ED6A0013FE6A /* Build configuration list for PBXNativeTarget "Rubber_Bullets" */ = {
			isa = XCConfigurationList;
			buildConfigurations = (
				3FD1B5B01A44ED6A0013FE6A /* Debug */,
				3FD1B5B11A44ED6A0013FE6A /* Release */,
			);
			defaultConfigurationIsVisible = 0;
		};
/* End XCConfigurationList section */
	};
	rootObject = 3FD1B5A01A44ED6A0013FE6A /* Project object */;
}
